{
    "_readme": [
        "This file locks the dependencies of your project to a known state",
        "Read more about it at https://getcomposer.org/doc/01-basic-usage.md#installing-dependencies",
        "This file is @generated automatically"
    ],
    "content-hash": "9487029983502e50f11309afb9a3e4bd",
    "packages": [
        {
            "name": "douggonsouza/benchmarck",
            "version": "v1.0.2",
            "source": {
                "type": "git",
                "url": "https://github.com/douggonsouza/benchmarck.git",
                "reference": "9e238c8f5599e0b534aa1fd13f180d387ca8f387"
            },
            "dist": {
                "type": "zip",
                "url": "https://api.github.com/repos/douggonsouza/benchmarck/zipball/9e238c8f5599e0b534aa1fd13f180d387ca8f387",
                "reference": "9e238c8f5599e0b534aa1fd13f180d387ca8f387",
                "shasum": ""
            },
            "require": {
                "douggonsouza/propertys": "dev-main"
            },
            "type": "library",
            "autoload": {
                "psr-4": {
                    "douggonsouza\\benchmarck\\": "src/"
                }
            },
            "notification-url": "https://packagist.org/downloads/",
            "license": [
                "MIT"
            ],
            "authors": [
                {
                    "name": "Douglas Gonçalves de Souza",
                    "email": "douggonsouza@gmail.com"
                }
            ],
            "description": "Páginas de referência",
            "support": {
                "issues": "https://github.com/douggonsouza/benchmarck/issues",
                "source": "https://github.com/douggonsouza/benchmarck/tree/v1.0.2"
            },
            "time": "2022-08-02T00:37:11+00:00"
        },
        {
            "name": "douggonsouza/mvc",
            "version": "v1.0.3",
            "source": {
                "type": "git",
                "url": "https://github.com/douggonsouza/mvc.git",
                "reference": "060e25d9682475ef6ae1346ac3123e66b3a7ff47"
            },
            "dist": {
                "type": "zip",
                "url": "https://api.github.com/repos/douggonsouza/mvc/zipball/060e25d9682475ef6ae1346ac3123e66b3a7ff47",
                "reference": "060e25d9682475ef6ae1346ac3123e66b3a7ff47",
                "shasum": ""
            },
            "require": {
                "douggonsouza/propertys": "dev-main"
            },
            "type": "library",
            "autoload": {
                "psr-4": {
                    "douggonsouza\\mvc\\": "src/"
                }
            },
            "notification-url": "https://packagist.org/downloads/",
            "license": [
                "MIT"
            ],
            "authors": [
                {
                    "name": "Douglas Gonçalves de Souza",
                    "email": "douggonsouza@gmail.com"
                }
            ],
            "description": "Processo de resposta tipo Model, View e Control",
            "support": {
                "issues": "https://github.com/douggonsouza/mvc/issues",
                "source": "https://github.com/douggonsouza/mvc/tree/v1.0.3"
            },
            "time": "2022-08-02T00:38:16+00:00"
        },
        {
            "name": "douggonsouza/pages",
            "version": "v1.0.2",
            "source": {
                "type": "git",
                "url": "https://github.com/douggonsouza/pages.git",
                "reference": "7d503d8941f6d210b5f392876a7ac20554016b0c"
            },
            "dist": {
                "type": "zip",
                "url": "https://api.github.com/repos/douggonsouza/pages/zipball/7d503d8941f6d210b5f392876a7ac20554016b0c",
                "reference": "7d503d8941f6d210b5f392876a7ac20554016b0c",
                "shasum": ""
            },
            "require": {
                "douggonsouza/propertys": "dev-main"
            },
            "type": "library",
            "autoload": {
                "psr-4": {
                    "douggonsouza\\pages\\": "src/"
                }
            },
            "notification-url": "https://packagist.org/downloads/",
            "license": [
                "MIT"
            ],
            "authors": [
                {
                    "name": "Douglas Gonçalves de Souza",
                    "email": "douggonsouza@gmail.com"
                }
            ],
            "description": "Preenchimento automático para página de marcação",
            "support": {
                "issues": "https://github.com/douggonsouza/pages/issues",
                "source": "https://github.com/douggonsouza/pages/tree/v1.0.2"
            },
            "time": "2022-04-02T16:52:53+00:00"
        },
        {
            "name": "douggonsouza/propertys",
            "version": "dev-main",
            "source": {
                "type": "git",
                "url": "https://github.com/douggonsouza/propertys.git",
                "reference": "be8f49f5311e5818e9d534cc45ba0786f8df3319"
            },
            "dist": {
                "type": "zip",
                "url": "https://api.github.com/repos/douggonsouza/propertys/zipball/be8f49f5311e5818e9d534cc45ba0786f8df3319",
                "reference": "be8f49f5311e5818e9d534cc45ba0786f8df3319",
                "shasum": ""
            },
            "default-branch": true,
            "type": "library",
            "autoload": {
                "psr-4": {
                    "douggonsouza\\propertys\\": "src/"
                }
            },
            "notification-url": "https://packagist.org/downloads/",
            "license": [
                "MIT"
            ],
            "authors": [
                {
                    "name": "Douglas Gonçalves de Souza",
                    "email": "douggonsouza@gmail.com"
                }
            ],
            "description": "Armazenagem das propriedades",
            "support": {
                "issues": "https://github.com/douggonsouza/propertys/issues",
                "source": "https://github.com/douggonsouza/propertys/tree/v1.0.3"
            },
            "time": "2022-04-17T02:10:09+00:00"
        },
        {
            "name": "douggonsouza/regexed",
            "version": "dev-main",
            "source": {
                "type": "git",
                "url": "https://github.com/douggonsouza/regexed.git",
                "reference": "5af4c40a63eab90cdf753d74e8e21525ac27b1b6"
            },
            "dist": {
                "type": "zip",
                "url": "https://api.github.com/repos/douggonsouza/regexed/zipball/5af4c40a63eab90cdf753d74e8e21525ac27b1b6",
                "reference": "5af4c40a63eab90cdf753d74e8e21525ac27b1b6",
                "shasum": ""
            },
            "default-branch": true,
            "type": "library",
            "autoload": {
                "psr-4": {
                    "douggonsouza\\regexed\\": "src/"
                }
            },
            "notification-url": "https://packagist.org/downloads/",
            "license": [
                "MIT"
            ],
            "authors": [
                {
                    "name": "Douglas Gonçalves de Souza",
                    "email": "douggonsouza@gmail.com"
                }
            ],
            "description": "Tradutor de palavras para expressões regex",
            "support": {
                "issues": "https://github.com/douggonsouza/regexed/issues",
                "source": "https://github.com/douggonsouza/regexed/tree/v1.0.2"
            },
            "time": "2022-04-02T16:45:27+00:00"
        },
        {
            "name": "douggonsouza/request",
            "version": "v1.0.7",
            "source": {
                "type": "git",
                "url": "https://github.com/douggonsouza/request.git",
                "reference": "8356e42cb89886d0f15672f77c18819044a3fca4"
            },
            "dist": {
                "type": "zip",
                "url": "https://api.github.com/repos/douggonsouza/request/zipball/8356e42cb89886d0f15672f77c18819044a3fca4",
                "reference": "8356e42cb89886d0f15672f77c18819044a3fca4",
                "shasum": ""
            },
            "require": {
                "douggonsouza/regexed": "dev-main",
                "php": "^7.2"
            },
            "type": "library",
            "autoload": {
                "psr-4": {
                    "douggonsouza\\request\\": "src/"
                }
            },
            "notification-url": "https://packagist.org/downloads/",
            "license": [
                "MIT"
            ],
            "authors": [
                {
                    "name": "Douglas Gonçalves de Souza",
                    "email": "douggonsouza@gmail.com"
                }
            ],
            "description": "Tratamento da requisição e coleta de parâmetros para o roteamento",
            "support": {
                "issues": "https://github.com/douggonsouza/request/issues",
                "source": "https://github.com/douggonsouza/request/tree/v1.0.7"
            },
            "time": "2022-04-15T15:39:57+00:00"
        },
        {
            "name": "douggonsouza/routes",
            "version": "v1.0.5",
            "source": {
                "type": "git",
                "url": "https://github.com/douggonsouza/routes.git",
                "reference": "da8f6101ba14646be152ea99963e22c1d9887d6a"
            },
            "dist": {
                "type": "zip",
                "url": "https://api.github.com/repos/douggonsouza/routes/zipball/da8f6101ba14646be152ea99963e22c1d9887d6a",
                "reference": "da8f6101ba14646be152ea99963e22c1d9887d6a",
                "shasum": ""
            },
            "require": {
                "douggonsouza/regexed": "dev-main"
            },
            "type": "library",
            "autoload": {
                "psr-4": {
                    "douggonsouza\\routes\\": "src/"
                }
            },
            "notification-url": "https://packagist.org/downloads/",
            "license": [
                "MIT"
            ],
            "authors": [
                {
                    "name": "Douglas Gonçalves de Souza",
                    "email": "douggonsouza@gmail.com"
                }
            ],
            "description": "Gerenciamento das rotas para a requisição",
            "support": {
                "issues": "https://github.com/douggonsouza/routes/issues",
                "source": "https://github.com/douggonsouza/routes/tree/v1.0.5"
            },
            "time": "2022-08-02T00:39:07+00:00"
        }
    ],
    "packages-dev": [],
    "aliases": [],
    "minimum-stability": "dev",
    "stability-flags": [],
    "prefer-stable": false,
    "prefer-lowest": false,
    "platform": {
        "php": "^7.2"
    },
    "platform-dev": [],
    "plugin-api-version": "2.3.0"
}
